
Microsoft Visual Studio Solution File, Format Version 12.00
# Visual Studio Version 16
VisualStudioVersion = 16.0.31729.503
MinimumVisualStudioVersion = 10.0.40219.1
Project("{FAE04EC0-301F-11D3-BF4B-00C04F79EFBC}") = "PresentationLayer", "PresentationLayer\PresentationLayer.csproj", "{665DD4AC-6DAC-40AB-B39B-988030AE0C60}"
EndProject
Project("{FAE04EC0-301F-11D3-BF4B-00C04F79EFBC}") = "BusinessLayer", "BusinessLayer\BusinessLayer.csproj", "{22CEA16B-F4C7-4C5F-8193-A634034AD179}"
EndProject
Project("{FAE04EC0-301F-11D3-BF4B-00C04F79EFBC}") = "DataLayer", "DataLayer\DataLayer.csproj", "{ABCAB652-3944-4187-A870-2D5E6BB9B39A}"
EndProject
Project("{FAE04EC0-301F-11D3-BF4B-00C04F79EFBC}") = "Shared", "Shared\Shared.csproj", "{127513F4-EC48-4406-872F-0DB7789A72C6}"
EndProject
Project("{2150E333-8FDC-42A3-9474-1A3956D46DE8}") = "Test", "Test", "{1EC76253-88B2-4B35-B1C2-BF538CD9790E}"
EndProject
Project("{FAE04EC0-301F-11D3-BF4B-00C04F79EFBC}") = "CryptographyTest", "UserBusinessTest\CryptographyTest.csproj", "{102188C9-C2D0-415C-A039-964ACC7835D0}"
EndProject
Project("{FAE04EC0-301F-11D3-BF4B-00C04F79EFBC}") = "UserRepositoryTest", "UserRepositoryTest\UserRepositoryTest.csproj", "{ACF1095C-1670-459C-ABA7-6E86CAA7955A}"
EndProject
Project("{FAE04EC0-301F-11D3-BF4B-00C04F79EFBC}") = "VaultRepositoryTest", "VaultRepositoryTest\VaultRepositoryTest.csproj", "{2BB0CD4B-4DA6-4825-922B-038408459507}"
EndProject
Project("{FAE04EC0-301F-11D3-BF4B-00C04F79EFBC}") = "ValidationOfUserFormFieldsTest", "ValidationOfUserFormFieldsTest\ValidationOfUserFormFieldsTest.csproj", "{AA9F84D2-0FC6-4DA5-804D-49386D02CDFE}"
EndProject
Global
	GlobalSection(SolutionConfigurationPlatforms) = preSolution
		Debug|Any CPU = Debug|Any CPU
		Release|Any CPU = Release|Any CPU
	EndGlobalSection
	GlobalSection(ProjectConfigurationPlatforms) = postSolution
		{665DD4AC-6DAC-40AB-B39B-988030AE0C60}.Debug|Any CPU.ActiveCfg = Debug|Any CPU
		{665DD4AC-6DAC-40AB-B39B-988030AE0C60}.Debug|Any CPU.Build.0 = Debug|Any CPU
		{665DD4AC-6DAC-40AB-B39B-988030AE0C60}.Release|Any CPU.ActiveCfg = Release|Any CPU
		{665DD4AC-6DAC-40AB-B39B-988030AE0C60}.Release|Any CPU.Build.0 = Release|Any CPU
		{22CEA16B-F4C7-4C5F-8193-A634034AD179}.Debug|Any CPU.ActiveCfg = Debug|Any CPU
		{22CEA16B-F4C7-4C5F-8193-A634034AD179}.Debug|Any CPU.Build.0 = Debug|Any CPU
		{22CEA16B-F4C7-4C5F-8193-A634034AD179}.Release|Any CPU.ActiveCfg = Release|Any CPU
		{22CEA16B-F4C7-4C5F-8193-A634034AD179}.Release|Any CPU.Build.0 = Release|Any CPU
		{ABCAB652-3944-4187-A870-2D5E6BB9B39A}.Debug|Any CPU.ActiveCfg = Debug|Any CPU
		{ABCAB652-3944-4187-A870-2D5E6BB9B39A}.Debug|Any CPU.Build.0 = Debug|Any CPU
		{ABCAB652-3944-4187-A870-2D5E6BB9B39A}.Release|Any CPU.ActiveCfg = Release|Any CPU
		{ABCAB652-3944-4187-A870-2D5E6BB9B39A}.Release|Any CPU.Build.0 = Release|Any CPU
		{127513F4-EC48-4406-872F-0DB7789A72C6}.Debug|Any CPU.ActiveCfg = Debug|Any CPU
		{127513F4-EC48-4406-872F-0DB7789A72C6}.Debug|Any CPU.Build.0 = Debug|Any CPU
		{127513F4-EC48-4406-872F-0DB7789A72C6}.Release|Any CPU.ActiveCfg = Release|Any CPU
		{127513F4-EC48-4406-872F-0DB7789A72C6}.Release|Any CPU.Build.0 = Release|Any CPU
		{102188C9-C2D0-415C-A039-964ACC7835D0}.Debug|Any CPU.ActiveCfg = Debug|Any CPU
		{102188C9-C2D0-415C-A039-964ACC7835D0}.Debug|Any CPU.Build.0 = Debug|Any CPU
		{102188C9-C2D0-415C-A039-964ACC7835D0}.Release|Any CPU.ActiveCfg = Release|Any CPU
		{102188C9-C2D0-415C-A039-964ACC7835D0}.Release|Any CPU.Build.0 = Release|Any CPU
		{ACF1095C-1670-459C-ABA7-6E86CAA7955A}.Debug|Any CPU.ActiveCfg = Debug|Any CPU
		{ACF1095C-1670-459C-ABA7-6E86CAA7955A}.Debug|Any CPU.Build.0 = Debug|Any CPU
		{ACF1095C-1670-459C-ABA7-6E86CAA7955A}.Release|Any CPU.ActiveCfg = Release|Any CPU
		{ACF1095C-1670-459C-ABA7-6E86CAA7955A}.Release|Any CPU.Build.0 = Release|Any CPU
		{2BB0CD4B-4DA6-4825-922B-038408459507}.Debug|Any CPU.ActiveCfg = Debug|Any CPU
		{2BB0CD4B-4DA6-4825-922B-038408459507}.Debug|Any CPU.Build.0 = Debug|Any CPU
		{2BB0CD4B-4DA6-4825-922B-038408459507}.Release|Any CPU.ActiveCfg = Release|Any CPU
		{2BB0CD4B-4DA6-4825-922B-038408459507}.Release|Any CPU.Build.0 = Release|Any CPU
		{AA9F84D2-0FC6-4DA5-804D-49386D02CDFE}.Debug|Any CPU.ActiveCfg = Debug|Any CPU
		{AA9F84D2-0FC6-4DA5-804D-49386D02CDFE}.Debug|Any CPU.Build.0 = Debug|Any CPU
		{AA9F84D2-0FC6-4DA5-804D-49386D02CDFE}.Release|Any CPU.ActiveCfg = Release|Any CPU
		{AA9F84D2-0FC6-4DA5-804D-49386D02CDFE}.Release|Any CPU.Build.0 = Release|Any CPU
	EndGlobalSection
	GlobalSection(SolutionProperties) = preSolution
		HideSolutionNode = FALSE
	EndGlobalSection
	GlobalSection(NestedProjects) = preSolution
		{102188C9-C2D0-415C-A039-964ACC7835D0} = {1EC76253-88B2-4B35-B1C2-BF538CD9790E}
		{ACF1095C-1670-459C-ABA7-6E86CAA7955A} = {1EC76253-88B2-4B35-B1C2-BF538CD9790E}
		{2BB0CD4B-4DA6-4825-922B-038408459507} = {1EC76253-88B2-4B35-B1C2-BF538CD9790E}
		{AA9F84D2-0FC6-4DA5-804D-49386D02CDFE} = {1EC76253-88B2-4B35-B1C2-BF538CD9790E}
	EndGlobalSection
	GlobalSection(ExtensibilityGlobals) = postSolution
		SolutionGuid = {3A074BF3-B288-45E1-9A74-F3B81EA103DA}
	EndGlobalSection
EndGlobal
